
Microsoft Visual Studio Solution File, Format Version 12.00
# Visual Studio Version 16
VisualStudioVersion = 16.0.32510.428
MinimumVisualStudioVersion = 10.0.40219.1
Project("{FAE04EC0-301F-11D3-BF4B-00C04F79EFBC}") = "implicit Explicit Generics", "implicit Explicit Generics\implicit Explicit Generics.csproj", "{6EE79AC5-B85F-41CB-88B1-550F090A7429}"
EndProject
Global
	GlobalSection(SolutionConfigurationPlatforms) = preSolution
		Debug|Any CPU = Debug|Any CPU
		Release|Any CPU = Release|Any CPU
	EndGlobalSection
	GlobalSection(ProjectConfigurationPlatforms) = postSolution
		{6EE79AC5-B85F-41CB-88B1-550F090A7429}.Debug|Any CPU.ActiveCfg = Debug|Any CPU
		{6EE79AC5-B85F-41CB-88B1-550F090A7429}.Debug|Any CPU.Build.0 = Debug|Any CPU
		{6EE79AC5-B85F-41CB-88B1-550F090A7429}.Release|Any CPU.ActiveCfg = Release|Any CPU
		{6EE79AC5-B85F-41CB-88B1-550F090A7429}.Release|Any CPU.Build.0 = Release|Any CPU
	EndGlobalSection
	GlobalSection(SolutionProperties) = preSolution
		HideSolutionNode = FALSE
	EndGlobalSection
	GlobalSection(ExtensibilityGlobals) = postSolution
		SolutionGuid = {D9B66713-2DD9-44E7-A63C-A7224FEDFB22}
	EndGlobalSection
EndGlobal
